
Microsoft Visual Studio Solution File, Format Version 12.00
# Visual Studio Version 16
VisualStudioVersion = 16.0.34601.136
MinimumVisualStudioVersion = 10.0.40219.1
Project("{FAE04EC0-301F-11D3-BF4B-00C04F79EFBC}") = "AES-GUI", "AES-GUI.csproj", "{F80B330A-EF05-4635-B400-23ACB02BB79C}"
EndProject
Global
	GlobalSection(SolutionConfigurationPlatforms) = preSolution
		Debug|Any CPU = Debug|Any CPU
		Debug|x64 = Debug|x64
		Release|Any CPU = Release|Any CPU
		Release|x64 = Release|x64
	EndGlobalSection
	GlobalSection(ProjectConfigurationPlatforms) = postSolution
		{F80B330A-EF05-4635-B400-23ACB02BB79C}.Debug|Any CPU.ActiveCfg = Debug|Any CPU
		{F80B330A-EF05-4635-B400-23ACB02BB79C}.Debug|Any CPU.Build.0 = Debug|Any CPU
		{F80B330A-EF05-4635-B400-23ACB02BB79C}.Debug|x64.ActiveCfg = Debug|x64
		{F80B330A-EF05-4635-B400-23ACB02BB79C}.Debug|x64.Build.0 = Debug|x64
		{F80B330A-EF05-4635-B400-23ACB02BB79C}.Release|Any CPU.ActiveCfg = Release|Any CPU
		{F80B330A-EF05-4635-B400-23ACB02BB79C}.Release|Any CPU.Build.0 = Release|Any CPU
		{F80B330A-EF05-4635-B400-23ACB02BB79C}.Release|x64.ActiveCfg = Release|x64
		{F80B330A-EF05-4635-B400-23ACB02BB79C}.Release|x64.Build.0 = Release|x64
	EndGlobalSection
	GlobalSection(SolutionProperties) = preSolution
		HideSolutionNode = FALSE
	EndGlobalSection
	GlobalSection(ExtensibilityGlobals) = postSolution
		SolutionGuid = {7F42CAFC-BE11-4BD7-9924-07EEA89E78F2}
	EndGlobalSection
EndGlobal
